
Microsoft Visual Studio Solution File, Format Version 12.00
# Visual Studio Version 16
VisualStudioVersion = 16.0.28803.352
MinimumVisualStudioVersion = 10.0.40219.1
Project("{9A19103F-16F7-4668-BE54-9A1E7A4F7556}") = "Socks", "Socks\Socks.csproj", "{6FA77049-4961-464D-A42C-5463D90F104F}"
EndProject
Project("{FAE04EC0-301F-11D3-BF4B-00C04F79EFBC}") = "ConsoleApp1", "ConsoleApp1\ConsoleApp1.csproj", "{4EA8832B-DFB8-4F8E-828C-3C231EAB531C}"
EndProject
Global
	GlobalSection(SolutionConfigurationPlatforms) = preSolution
		Debug|Any CPU = Debug|Any CPU
		Debug|iPhone = Debug|iPhone
		Debug|iPhoneSimulator = Debug|iPhoneSimulator
		Release|Any CPU = Release|Any CPU
		Release|iPhone = Release|iPhone
		Release|iPhoneSimulator = Release|iPhoneSimulator
	EndGlobalSection
	GlobalSection(ProjectConfigurationPlatforms) = postSolution
		{6FA77049-4961-464D-A42C-5463D90F104F}.Debug|Any CPU.ActiveCfg = Debug|Any CPU
		{6FA77049-4961-464D-A42C-5463D90F104F}.Debug|Any CPU.Build.0 = Debug|Any CPU
		{6FA77049-4961-464D-A42C-5463D90F104F}.Debug|iPhone.ActiveCfg = Debug|Any CPU
		{6FA77049-4961-464D-A42C-5463D90F104F}.Debug|iPhone.Build.0 = Debug|Any CPU
		{6FA77049-4961-464D-A42C-5463D90F104F}.Debug|iPhoneSimulator.ActiveCfg = Debug|Any CPU
		{6FA77049-4961-464D-A42C-5463D90F104F}.Debug|iPhoneSimulator.Build.0 = Debug|Any CPU
		{6FA77049-4961-464D-A42C-5463D90F104F}.Release|Any CPU.ActiveCfg = Release|Any CPU
		{6FA77049-4961-464D-A42C-5463D90F104F}.Release|Any CPU.Build.0 = Release|Any CPU
		{6FA77049-4961-464D-A42C-5463D90F104F}.Release|iPhone.ActiveCfg = Release|Any CPU
		{6FA77049-4961-464D-A42C-5463D90F104F}.Release|iPhone.Build.0 = Release|Any CPU
		{6FA77049-4961-464D-A42C-5463D90F104F}.Release|iPhoneSimulator.ActiveCfg = Release|Any CPU
		{6FA77049-4961-464D-A42C-5463D90F104F}.Release|iPhoneSimulator.Build.0 = Release|Any CPU
		{4EA8832B-DFB8-4F8E-828C-3C231EAB531C}.Debug|Any CPU.ActiveCfg = Debug|Any CPU
		{4EA8832B-DFB8-4F8E-828C-3C231EAB531C}.Debug|Any CPU.Build.0 = Debug|Any CPU
		{4EA8832B-DFB8-4F8E-828C-3C231EAB531C}.Debug|iPhone.ActiveCfg = Debug|Any CPU
		{4EA8832B-DFB8-4F8E-828C-3C231EAB531C}.Debug|iPhone.Build.0 = Debug|Any CPU
		{4EA8832B-DFB8-4F8E-828C-3C231EAB531C}.Debug|iPhoneSimulator.ActiveCfg = Debug|Any CPU
		{4EA8832B-DFB8-4F8E-828C-3C231EAB531C}.Debug|iPhoneSimulator.Build.0 = Debug|Any CPU
		{4EA8832B-DFB8-4F8E-828C-3C231EAB531C}.Release|Any CPU.ActiveCfg = Release|Any CPU
		{4EA8832B-DFB8-4F8E-828C-3C231EAB531C}.Release|Any CPU.Build.0 = Release|Any CPU
		{4EA8832B-DFB8-4F8E-828C-3C231EAB531C}.Release|iPhone.ActiveCfg = Release|Any CPU
		{4EA8832B-DFB8-4F8E-828C-3C231EAB531C}.Release|iPhone.Build.0 = Release|Any CPU
		{4EA8832B-DFB8-4F8E-828C-3C231EAB531C}.Release|iPhoneSimulator.ActiveCfg = Release|Any CPU
		{4EA8832B-DFB8-4F8E-828C-3C231EAB531C}.Release|iPhoneSimulator.Build.0 = Release|Any CPU
	EndGlobalSection
	GlobalSection(SolutionProperties) = preSolution
		HideSolutionNode = FALSE
	EndGlobalSection
	GlobalSection(ExtensibilityGlobals) = postSolution
		SolutionGuid = {EEC40E9C-0814-4864-9C5C-A25D5863E3A2}
	EndGlobalSection
EndGlobal
